// !$*UTF8*$!
{
	archiveVersion = 1;
	classes = {
	};
	objectVersion = 55;
	objects = {

/* Begin PBXBuildFile section */
		A80FA4B2290FDD6000A67102 /* ViewController.swift in Sources */ = {isa = PBXBuildFile; fileRef = A80FA4B1290FDD6000A67102 /* ViewController.swift */; };
		A8272580291010CE00B37E57 /* HomeController.swift in Sources */ = {isa = PBXBuildFile; fileRef = A827257F291010CE00B37E57 /* HomeController.swift */; };
		A828EFF9290A92CE00BBBBE2 /* AppDelegate.swift in Sources */ = {isa = PBXBuildFile; fileRef = A828EFF8290A92CE00BBBBE2 /* AppDelegate.swift */; };
		A828EFFB290A92CE00BBBBE2 /* SceneDelegate.swift in Sources */ = {isa = PBXBuildFile; fileRef = A828EFFA290A92CE00BBBBE2 /* SceneDelegate.swift */; };
		A828F000290A92CE00BBBBE2 /* Main.storyboard in Resources */ = {isa = PBXBuildFile; fileRef = A828EFFE290A92CE00BBBBE2 /* Main.storyboard */; };
		A828F002290A92CF00BBBBE2 /* Assets.xcassets in Resources */ = {isa = PBXBuildFile; fileRef = A828F001290A92CF00BBBBE2 /* Assets.xcassets */; };
		A828F005290A92CF00BBBBE2 /* LaunchScreen.storyboard in Resources */ = {isa = PBXBuildFile; fileRef = A828F003290A92CF00BBBBE2 /* LaunchScreen.storyboard */; };
		A828F012290A932200BBBBE2 /* Config.swift in Sources */ = {isa = PBXBuildFile; fileRef = A828F011290A932200BBBBE2 /* Config.swift */; };
		A828F019290A939C00BBBBE2 /* RegisterController.swift in Sources */ = {isa = PBXBuildFile; fileRef = A828F018290A939C00BBBBE2 /* RegisterController.swift */; };
		A828F01B290A93BF00BBBBE2 /* RegisterVC.swift in Sources */ = {isa = PBXBuildFile; fileRef = A828F01A290A93BF00BBBBE2 /* RegisterVC.swift */; };
		A828F01D290A940600BBBBE2 /* Auth.storyboard in Resources */ = {isa = PBXBuildFile; fileRef = A828F01C290A940600BBBBE2 /* Auth.storyboard */; };
		A828F01F290A973100BBBBE2 /* UIView+CornerRaduis.swift in Sources */ = {isa = PBXBuildFile; fileRef = A828F01E290A973100BBBBE2 /* UIView+CornerRaduis.swift */; };
		A828F024290A9E9D00BBBBE2 /* HomeVC.swift in Sources */ = {isa = PBXBuildFile; fileRef = A828F023290A9E9D00BBBBE2 /* HomeVC.swift */; };
		A828F028290A9EC700BBBBE2 /* Home.storyboard in Resources */ = {isa = PBXBuildFile; fileRef = A828F027290A9EC700BBBBE2 /* Home.storyboard */; };
		A828F02C290AA02200BBBBE2 /* OnBoardingVC.swift in Sources */ = {isa = PBXBuildFile; fileRef = A828F02B290AA02200BBBBE2 /* OnBoardingVC.swift */; };
		A828F02F290AA06200BBBBE2 /* OnBoardingController.swift in Sources */ = {isa = PBXBuildFile; fileRef = A828F02E290AA06200BBBBE2 /* OnBoardingController.swift */; };
		A828F032290AA48800BBBBE2 /* OnBoardingSlideModel.swift in Sources */ = {isa = PBXBuildFile; fileRef = A828F031290AA48800BBBBE2 /* OnBoardingSlideModel.swift */; };
		A828F034290AA66E00BBBBE2 /* OnBaordingSlideCell.swift in Sources */ = {isa = PBXBuildFile; fileRef = A828F033290AA66E00BBBBE2 /* OnBaordingSlideCell.swift */; };
		A828F03A290AAC2D00BBBBE2 /* OnBoardingVC+CollView.swift in Sources */ = {isa = PBXBuildFile; fileRef = A828F039290AAC2D00BBBBE2 /* OnBoardingVC+CollView.swift */; };
		A843CE79290D82FA003964E7 /* CollSlide.swift in Sources */ = {isa = PBXBuildFile; fileRef = A843CE78290D82FA003964E7 /* CollSlide.swift */; };
		A843CE7B290D8319003964E7 /* CollSlide.xib in Resources */ = {isa = PBXBuildFile; fileRef = A843CE7A290D8319003964E7 /* CollSlide.xib */; };
		A847CE612910048500357C7D /* FoodDetailsVC+Collection.swift in Sources */ = {isa = PBXBuildFile; fileRef = A847CE602910048500357C7D /* FoodDetailsVC+Collection.swift */; };
		A847E440290D119800730397 /* HomeTotalCollViewCell.swift in Sources */ = {isa = PBXBuildFile; fileRef = A847E43F290D119800730397 /* HomeTotalCollViewCell.swift */; };
		A847E443290D154A00730397 /* CollectionLayout.swift in Sources */ = {isa = PBXBuildFile; fileRef = A847E442290D154A00730397 /* CollectionLayout.swift */; };
		A8494E5D290ACF0C00188C65 /* HomeVC+CollView.swift in Sources */ = {isa = PBXBuildFile; fileRef = A8494E5C290ACF0C00188C65 /* HomeVC+CollView.swift */; };
		A8494E5F290ACF4900188C65 /* ProductModel.swift in Sources */ = {isa = PBXBuildFile; fileRef = A8494E5E290ACF4900188C65 /* ProductModel.swift */; };
		A8494E61290AD09100188C65 /* HomeCell.swift in Sources */ = {isa = PBXBuildFile; fileRef = A8494E60290AD09100188C65 /* HomeCell.swift */; };
		A855BDB5290E86C40005E985 /* HomeFilterVC.swift in Sources */ = {isa = PBXBuildFile; fileRef = A855BDB4290E86C40005E985 /* HomeFilterVC.swift */; };
		A8615CBE290AEA1400CE0C4E /* FoodDetailsVC.swift in Sources */ = {isa = PBXBuildFile; fileRef = A8615CBD290AEA1400CE0C4E /* FoodDetailsVC.swift */; };
		A87AC422290F403700C0C038 /* GoogleService-Info.plist in Resources */ = {isa = PBXBuildFile; fileRef = A87AC421290F403700C0C038 /* GoogleService-Info.plist */; };
		A88647FB290D7D5700531634 /* TapGesure.swift in Sources */ = {isa = PBXBuildFile; fileRef = A88647FA290D7D5700531634 /* TapGesure.swift */; };
		A8982B04290D2C630098CAF3 /* ValidationManager.swift in Sources */ = {isa = PBXBuildFile; fileRef = A8982B03290D2C630098CAF3 /* ValidationManager.swift */; };
		A8982B06290D2F780098CAF3 /* RegisterVC+Validation.swift in Sources */ = {isa = PBXBuildFile; fileRef = A8982B05290D2F780098CAF3 /* RegisterVC+Validation.swift */; };
		A8982B08290D3FCD0098CAF3 /* FoodDetailsController.swift in Sources */ = {isa = PBXBuildFile; fileRef = A8982B07290D3FCD0098CAF3 /* FoodDetailsController.swift */; };
		A8AED7BF290AD47400BF4E56 /* UIVC+ShowAlert.swift in Sources */ = {isa = PBXBuildFile; fileRef = A8AED7BE290AD47400BF4E56 /* UIVC+ShowAlert.swift */; };
		A8BFFC92290FB5E60089A13A /* GoogleSignIn in Frameworks */ = {isa = PBXBuildFile; productRef = A8BFFC91290FB5E60089A13A /* GoogleSignIn */; };
		A8BFFC94290FB5E60089A13A /* GoogleSignInSwift in Frameworks */ = {isa = PBXBuildFile; productRef = A8BFFC93290FB5E60089A13A /* GoogleSignInSwift */; };
		A8BFFC96290FBD3A0089A13A /* CollectionViewCell.swift in Sources */ = {isa = PBXBuildFile; fileRef = A8BFFC95290FBD3A0089A13A /* CollectionViewCell.swift */; };
		A8CD8CD1290D56990042CD31 /* UIImageView+RoundImage.swift in Sources */ = {isa = PBXBuildFile; fileRef = A8CD8CD0290D56990042CD31 /* UIImageView+RoundImage.swift */; };
		A8FB0E87290E5FB300ABC3A9 /* LoginController.swift in Sources */ = {isa = PBXBuildFile; fileRef = A8FB0E86290E5FB300ABC3A9 /* LoginController.swift */; };
		A8FB0E89290E5FCF00ABC3A9 /* LoginVC.swift in Sources */ = {isa = PBXBuildFile; fileRef = A8FB0E88290E5FCF00ABC3A9 /* LoginVC.swift */; };
		A8FB0E8B290E60B600ABC3A9 /* UserModel.swift in Sources */ = {isa = PBXBuildFile; fileRef = A8FB0E8A290E60B600ABC3A9 /* UserModel.swift */; };
		A8FB0E8E290E612D00ABC3A9 /* DefaultResponse.swift in Sources */ = {isa = PBXBuildFile; fileRef = A8FB0E8D290E612D00ABC3A9 /* DefaultResponse.swift */; };
		A8FB0E90290E629C00ABC3A9 /* UserDefaultsManager.swift in Sources */ = {isa = PBXBuildFile; fileRef = A8FB0E8F290E629C00ABC3A9 /* UserDefaultsManager.swift */; };
		D6EFD046F551DD2DBFFA5E5F /* Pods_ResturantApp.framework in Frameworks */ = {isa = PBXBuildFile; fileRef = 3A9FD29094DD4125E5A5BDE3 /* Pods_ResturantApp.framework */; };
/* End PBXBuildFile section */

/* Begin PBXFileReference section */
		0530B72F33EC5EA7906326F2 /* Pods-ResturantApp.debug.xcconfig */ = {isa = PBXFileReference; includeInIndex = 1; lastKnownFileType = text.xcconfig; name = "Pods-ResturantApp.debug.xcconfig"; path = "Target Support Files/Pods-ResturantApp/Pods-ResturantApp.debug.xcconfig"; sourceTree = "<group>"; };
		3A9FD29094DD4125E5A5BDE3 /* Pods_ResturantApp.framework */ = {isa = PBXFileReference; explicitFileType = wrapper.framework; includeInIndex = 0; path = Pods_ResturantApp.framework; sourceTree = BUILT_PRODUCTS_DIR; };
		58B60EF142901AD528887526 /* Pods-ResturantApp.release.xcconfig */ = {isa = PBXFileReference; includeInIndex = 1; lastKnownFileType = text.xcconfig; name = "Pods-ResturantApp.release.xcconfig"; path = "Target Support Files/Pods-ResturantApp/Pods-ResturantApp.release.xcconfig"; sourceTree = "<group>"; };
		A80FA4B1290FDD6000A67102 /* ViewController.swift */ = {isa = PBXFileReference; lastKnownFileType = sourcecode.swift; path = ViewController.swift; sourceTree = "<group>"; };
		A827257F291010CE00B37E57 /* HomeController.swift */ = {isa = PBXFileReference; lastKnownFileType = sourcecode.swift; path = HomeController.swift; sourceTree = "<group>"; };
		A828EFF5290A92CE00BBBBE2 /* ResturantApp.app */ = {isa = PBXFileReference; explicitFileType = wrapper.application; includeInIndex = 0; path = ResturantApp.app; sourceTree = BUILT_PRODUCTS_DIR; };
		A828EFF8290A92CE00BBBBE2 /* AppDelegate.swift */ = {isa = PBXFileReference; lastKnownFileType = sourcecode.swift; path = AppDelegate.swift; sourceTree = "<group>"; };
		A828EFFA290A92CE00BBBBE2 /* SceneDelegate.swift */ = {isa = PBXFileReference; lastKnownFileType = sourcecode.swift; path = SceneDelegate.swift; sourceTree = "<group>"; };
		A828EFFF290A92CE00BBBBE2 /* Base */ = {isa = PBXFileReference; lastKnownFileType = file.storyboard; name = Base; path = Base.lproj/Main.storyboard; sourceTree = "<group>"; };
		A828F001290A92CF00BBBBE2 /* Assets.xcassets */ = {isa = PBXFileReference; lastKnownFileType = folder.assetcatalog; path = Assets.xcassets; sourceTree = "<group>"; };
		A828F004290A92CF00BBBBE2 /* Base */ = {isa = PBXFileReference; lastKnownFileType = file.storyboard; name = Base; path = Base.lproj/LaunchScreen.storyboard; sourceTree = "<group>"; };
		A828F006290A92CF00BBBBE2 /* Info.plist */ = {isa = PBXFileReference; lastKnownFileType = text.plist.xml; path = Info.plist; sourceTree = "<group>"; };
		A828F011290A932200BBBBE2 /* Config.swift */ = {isa = PBXFileReference; lastKnownFileType = sourcecode.swift; path = Config.swift; sourceTree = "<group>"; };
		A828F018290A939C00BBBBE2 /* RegisterController.swift */ = {isa = PBXFileReference; lastKnownFileType = sourcecode.swift; path = RegisterController.swift; sourceTree = "<group>"; };
		A828F01A290A93BF00BBBBE2 /* RegisterVC.swift */ = {isa = PBXFileReference; lastKnownFileType = sourcecode.swift; path = RegisterVC.swift; sourceTree = "<group>"; };
		A828F01C290A940600BBBBE2 /* Auth.storyboard */ = {isa = PBXFileReference; lastKnownFileType = file.storyboard; path = Auth.storyboard; sourceTree = "<group>"; };
		A828F01E290A973100BBBBE2 /* UIView+CornerRaduis.swift */ = {isa = PBXFileReference; lastKnownFileType = sourcecode.swift; path = "UIView+CornerRaduis.swift"; sourceTree = "<group>"; };
		A828F023290A9E9D00BBBBE2 /* HomeVC.swift */ = {isa = PBXFileReference; lastKnownFileType = sourcecode.swift; path = HomeVC.swift; sourceTree = "<group>"; };
		A828F027290A9EC700BBBBE2 /* Home.storyboard */ = {isa = PBXFileReference; lastKnownFileType = file.storyboard; path = Home.storyboard; sourceTree = "<group>"; };
		A828F02B290AA02200BBBBE2 /* OnBoardingVC.swift */ = {isa = PBXFileReference; lastKnownFileType = sourcecode.swift; path = OnBoardingVC.swift; sourceTree = "<group>"; };
		A828F02E290AA06200BBBBE2 /* OnBoardingController.swift */ = {isa = PBXFileReference; lastKnownFileType = sourcecode.swift; path = OnBoardingController.swift; sourceTree = "<group>"; };
		A828F031290AA48800BBBBE2 /* OnBoardingSlideModel.swift */ = {isa = PBXFileReference; lastKnownFileType = sourcecode.swift; path = OnBoardingSlideModel.swift; sourceTree = "<group>"; };
		A828F033290AA66E00BBBBE2 /* OnBaordingSlideCell.swift */ = {isa = PBXFileReference; lastKnownFileType = sourcecode.swift; path = OnBaordingSlideCell.swift; sourceTree = "<group>"; };
		A828F039290AAC2D00BBBBE2 /* OnBoardingVC+CollView.swift */ = {isa = PBXFileReference; lastKnownFileType = sourcecode.swift; path = "OnBoardingVC+CollView.swift"; sourceTree = "<group>"; };
		A843CE78290D82FA003964E7 /* CollSlide.swift */ = {isa = PBXFileReference; lastKnownFileType = sourcecode.swift; path = CollSlide.swift; sourceTree = "<group>"; };
		A843CE7A290D8319003964E7 /* CollSlide.xib */ = {isa = PBXFileReference; lastKnownFileType = file.xib; path = CollSlide.xib; sourceTree = "<group>"; };
		A847CE602910048500357C7D /* FoodDetailsVC+Collection.swift */ = {isa = PBXFileReference; lastKnownFileType = sourcecode.swift; path = "FoodDetailsVC+Collection.swift"; sourceTree = "<group>"; };
		A847E43F290D119800730397 /* HomeTotalCollViewCell.swift */ = {isa = PBXFileReference; lastKnownFileType = sourcecode.swift; path = HomeTotalCollViewCell.swift; sourceTree = "<group>"; };
		A847E442290D154A00730397 /* CollectionLayout.swift */ = {isa = PBXFileReference; lastKnownFileType = sourcecode.swift; path = CollectionLayout.swift; sourceTree = "<group>"; };
		A8494E5C290ACF0C00188C65 /* HomeVC+CollView.swift */ = {isa = PBXFileReference; lastKnownFileType = sourcecode.swift; path = "HomeVC+CollView.swift"; sourceTree = "<group>"; };
		A8494E5E290ACF4900188C65 /* ProductModel.swift */ = {isa = PBXFileReference; lastKnownFileType = sourcecode.swift; path = ProductModel.swift; sourceTree = "<group>"; };
		A8494E60290AD09100188C65 /* HomeCell.swift */ = {isa = PBXFileReference; lastKnownFileType = sourcecode.swift; path = HomeCell.swift; sourceTree = "<group>"; };
		A855BDB4290E86C40005E985 /* HomeFilterVC.swift */ = {isa = PBXFileReference; lastKnownFileType = sourcecode.swift; path = HomeFilterVC.swift; sourceTree = "<group>"; };
		A8615CBD290AEA1400CE0C4E /* FoodDetailsVC.swift */ = {isa = PBXFileReference; lastKnownFileType = sourcecode.swift; path = FoodDetailsVC.swift; sourceTree = "<group>"; };
		A87AC421290F403700C0C038 /* GoogleService-Info.plist */ = {isa = PBXFileReference; fileEncoding = 4; lastKnownFileType = text.plist.xml; path = "GoogleService-Info.plist"; sourceTree = "<group>"; };
		A88647FA290D7D5700531634 /* TapGesure.swift */ = {isa = PBXFileReference; lastKnownFileType = sourcecode.swift; path = TapGesure.swift; sourceTree = "<group>"; };
		A8982B03290D2C630098CAF3 /* ValidationManager.swift */ = {isa = PBXFileReference; lastKnownFileType = sourcecode.swift; path = ValidationManager.swift; sourceTree = "<group>"; };
		A8982B05290D2F780098CAF3 /* RegisterVC+Validation.swift */ = {isa = PBXFileReference; lastKnownFileType = sourcecode.swift; path = "RegisterVC+Validation.swift"; sourceTree = "<group>"; };
		A8982B07290D3FCD0098CAF3 /* FoodDetailsController.swift */ = {isa = PBXFileReference; lastKnownFileType = sourcecode.swift; path = FoodDetailsController.swift; sourceTree = "<group>"; };
		A8AED7BE290AD47400BF4E56 /* UIVC+ShowAlert.swift */ = {isa = PBXFileReference; lastKnownFileType = sourcecode.swift; path = "UIVC+ShowAlert.swift"; sourceTree = "<group>"; };
		A8BFFC95290FBD3A0089A13A /* CollectionViewCell.swift */ = {isa = PBXFileReference; lastKnownFileType = sourcecode.swift; path = CollectionViewCell.swift; sourceTree = "<group>"; };
		A8CD8CD0290D56990042CD31 /* UIImageView+RoundImage.swift */ = {isa = PBXFileReference; lastKnownFileType = sourcecode.swift; path = "UIImageView+RoundImage.swift"; sourceTree = "<group>"; };
		A8FB0E86290E5FB300ABC3A9 /* LoginController.swift */ = {isa = PBXFileReference; lastKnownFileType = sourcecode.swift; path = LoginController.swift; sourceTree = "<group>"; };
		A8FB0E88290E5FCF00ABC3A9 /* LoginVC.swift */ = {isa = PBXFileReference; lastKnownFileType = sourcecode.swift; path = LoginVC.swift; sourceTree = "<group>"; };
		A8FB0E8A290E60B600ABC3A9 /* UserModel.swift */ = {isa = PBXFileReference; lastKnownFileType = sourcecode.swift; path = UserModel.swift; sourceTree = "<group>"; };
		A8FB0E8D290E612D00ABC3A9 /* DefaultResponse.swift */ = {isa = PBXFileReference; lastKnownFileType = sourcecode.swift; path = DefaultResponse.swift; sourceTree = "<group>"; };
		A8FB0E8F290E629C00ABC3A9 /* UserDefaultsManager.swift */ = {isa = PBXFileReference; lastKnownFileType = sourcecode.swift; path = UserDefaultsManager.swift; sourceTree = "<group>"; };
/* End PBXFileReference section */

/* Begin PBXFrameworksBuildPhase section */
		A828EFF2290A92CE00BBBBE2 /* Frameworks */ = {
			isa = PBXFrameworksBuildPhase;
			buildActionMask = 2147483647;
			files = (
				A8BFFC94290FB5E60089A13A /* GoogleSignInSwift in Frameworks */,
				D6EFD046F551DD2DBFFA5E5F /* Pods_ResturantApp.framework in Frameworks */,
				A8BFFC92290FB5E60089A13A /* GoogleSignIn in Frameworks */,
			);
			runOnlyForDeploymentPostprocessing = 0;
		};
/* End PBXFrameworksBuildPhase section */

/* Begin PBXGroup section */
		27DB588EED74B716A7DF89DC /* Pods */ = {
			isa = PBXGroup;
			children = (
				0530B72F33EC5EA7906326F2 /* Pods-ResturantApp.debug.xcconfig */,
				58B60EF142901AD528887526 /* Pods-ResturantApp.release.xcconfig */,
			);
			path = Pods;
			sourceTree = "<group>";
		};
		86906C3D14C37001370A0066 /* Frameworks */ = {
			isa = PBXGroup;
			children = (
				3A9FD29094DD4125E5A5BDE3 /* Pods_ResturantApp.framework */,
			);
			name = Frameworks;
			sourceTree = "<group>";
		};
		A828EFEC290A92CE00BBBBE2 = {
			isa = PBXGroup;
			children = (
				A828EFF7290A92CE00BBBBE2 /* ResturantApp */,
				A828EFF6290A92CE00BBBBE2 /* Products */,
				27DB588EED74B716A7DF89DC /* Pods */,
				86906C3D14C37001370A0066 /* Frameworks */,
			);
			sourceTree = "<group>";
		};
		A828EFF6290A92CE00BBBBE2 /* Products */ = {
			isa = PBXGroup;
			children = (
				A828EFF5290A92CE00BBBBE2 /* ResturantApp.app */,
			);
			name = Products;
			sourceTree = "<group>";
		};
		A828EFF7290A92CE00BBBBE2 /* ResturantApp */ = {
			isa = PBXGroup;
			children = (
				A8FB0E8C290E610300ABC3A9 /* Networking */,
				A847E441290D151F00730397 /* Application */,
				A828F030290AA47000BBBBE2 /* Model */,
				A828F00E290A92EB00BBBBE2 /* Config */,
				A828F00D290A92E200BBBBE2 /* Extensions */,
				A828F00C290A92DC00BBBBE2 /* Helper */,
				A828F00F290A92F200BBBBE2 /* Scenes */,
				A828F010290A92FC00BBBBE2 /* StoryBoards */,
				A828F001290A92CF00BBBBE2 /* Assets.xcassets */,
				A828F006290A92CF00BBBBE2 /* Info.plist */,
				A87AC421290F403700C0C038 /* GoogleService-Info.plist */,
			);
			path = ResturantApp;
			sourceTree = "<group>";
		};
		A828F00C290A92DC00BBBBE2 /* Helper */ = {
			isa = PBXGroup;
			children = (
				A847E442290D154A00730397 /* CollectionLayout.swift */,
				A8982B03290D2C630098CAF3 /* ValidationManager.swift */,
				A88647FA290D7D5700531634 /* TapGesure.swift */,
				A8FB0E8F290E629C00ABC3A9 /* UserDefaultsManager.swift */,
			);
			path = Helper;
			sourceTree = "<group>";
		};
		A828F00D290A92E200BBBBE2 /* Extensions */ = {
			isa = PBXGroup;
			children = (
				A828F01E290A973100BBBBE2 /* UIView+CornerRaduis.swift */,
				A8AED7BE290AD47400BF4E56 /* UIVC+ShowAlert.swift */,
				A8CD8CD0290D56990042CD31 /* UIImageView+RoundImage.swift */,
			);
			path = Extensions;
			sourceTree = "<group>";
		};
		A828F00E290A92EB00BBBBE2 /* Config */ = {
			isa = PBXGroup;
			children = (
				A828F011290A932200BBBBE2 /* Config.swift */,
			);
			path = Config;
			sourceTree = "<group>";
		};
		A828F00F290A92F200BBBBE2 /* Scenes */ = {
			isa = PBXGroup;
			children = (
				A828F014290A937800BBBBE2 /* OnBoarding */,
				A828F013290A937100BBBBE2 /* Auth */,
				A828F020290A9E6C00BBBBE2 /* Home */,
			);
			path = Scenes;
			sourceTree = "<group>";
		};
		A828F010290A92FC00BBBBE2 /* StoryBoards */ = {
			isa = PBXGroup;
			children = (
				A828EFFE290A92CE00BBBBE2 /* Main.storyboard */,
				A828F01C290A940600BBBBE2 /* Auth.storyboard */,
				A828F027290A9EC700BBBBE2 /* Home.storyboard */,
				A828F003290A92CF00BBBBE2 /* LaunchScreen.storyboard */,
			);
			path = StoryBoards;
			sourceTree = "<group>";
		};
		A828F013290A937100BBBBE2 /* Auth */ = {
			isa = PBXGroup;
			children = (
				A828F015290A938400BBBBE2 /* Register */,
				A8FB0E83290E5F8B00ABC3A9 /* Login */,
			);
			path = Auth;
			sourceTree = "<group>";
		};
		A828F014290A937800BBBBE2 /* OnBoarding */ = {
			isa = PBXGroup;
			children = (
				A86E5C07290D75C90085C02E /* UI */,
				A828F02A290AA00600BBBBE2 /* View */,
				A828F029290AA00100BBBBE2 /* Controller */,
			);
			path = OnBoarding;
			sourceTree = "<group>";
		};
		A828F015290A938400BBBBE2 /* Register */ = {
			isa = PBXGroup;
			children = (
				A828F017290A939000BBBBE2 /* View */,
				A828F016290A938A00BBBBE2 /* Controller */,
			);
			path = Register;
			sourceTree = "<group>";
		};
		A828F016290A938A00BBBBE2 /* Controller */ = {
			isa = PBXGroup;
			children = (
				A828F018290A939C00BBBBE2 /* RegisterController.swift */,
			);
			path = Controller;
			sourceTree = "<group>";
		};
		A828F017290A939000BBBBE2 /* View */ = {
			isa = PBXGroup;
			children = (
				A828F01A290A93BF00BBBBE2 /* RegisterVC.swift */,
				A8982B05290D2F780098CAF3 /* RegisterVC+Validation.swift */,
			);
			path = View;
			sourceTree = "<group>";
		};
		A828F020290A9E6C00BBBBE2 /* Home */ = {
			isa = PBXGroup;
			children = (
				A80FA4B1290FDD6000A67102 /* ViewController.swift */,
				A855BDB3290E86AD0005E985 /* Filter */,
				A8615CB9290AE9CD00CE0C4E /* SearchFood */,
				A8615CBA290AE9E800CE0C4E /* Food Details */,
			);
			path = Home;
			sourceTree = "<group>";
		};
		A828F021290A9E8500BBBBE2 /* Controller */ = {
			isa = PBXGroup;
			children = (
				A827257F291010CE00B37E57 /* HomeController.swift */,
			);
			path = Controller;
			sourceTree = "<group>";
		};
		A828F022290A9E8C00BBBBE2 /* View */ = {
			isa = PBXGroup;
			children = (
				A828F023290A9E9D00BBBBE2 /* HomeVC.swift */,
				A8494E5C290ACF0C00188C65 /* HomeVC+CollView.swift */,
				A8494E60290AD09100188C65 /* HomeCell.swift */,
				A847E43F290D119800730397 /* HomeTotalCollViewCell.swift */,
			);
			path = View;
			sourceTree = "<group>";
		};
		A828F029290AA00100BBBBE2 /* Controller */ = {
			isa = PBXGroup;
			children = (
				A828F02E290AA06200BBBBE2 /* OnBoardingController.swift */,
			);
			path = Controller;
			sourceTree = "<group>";
		};
		A828F02A290AA00600BBBBE2 /* View */ = {
			isa = PBXGroup;
			children = (
				A828F02B290AA02200BBBBE2 /* OnBoardingVC.swift */,
				A828F039290AAC2D00BBBBE2 /* OnBoardingVC+CollView.swift */,
				A828F033290AA66E00BBBBE2 /* OnBaordingSlideCell.swift */,
			);
			path = View;
			sourceTree = "<group>";
		};
		A828F030290AA47000BBBBE2 /* Model */ = {
			isa = PBXGroup;
			children = (
				A828F031290AA48800BBBBE2 /* OnBoardingSlideModel.swift */,
				A8494E5E290ACF4900188C65 /* ProductModel.swift */,
				A8FB0E8A290E60B600ABC3A9 /* UserModel.swift */,
			);
			path = Model;
			sourceTree = "<group>";
		};
		A847E441290D151F00730397 /* Application */ = {
			isa = PBXGroup;
			children = (
				A828EFF8290A92CE00BBBBE2 /* AppDelegate.swift */,
				A828EFFA290A92CE00BBBBE2 /* SceneDelegate.swift */,
			);
			path = Application;
			sourceTree = "<group>";
		};
		A855BDB3290E86AD0005E985 /* Filter */ = {
			isa = PBXGroup;
			children = (
				A855BDB4290E86C40005E985 /* HomeFilterVC.swift */,
			);
			path = Filter;
			sourceTree = "<group>";
		};
		A8615CB9290AE9CD00CE0C4E /* SearchFood */ = {
			isa = PBXGroup;
			children = (
				A828F022290A9E8C00BBBBE2 /* View */,
				A828F021290A9E8500BBBBE2 /* Controller */,
			);
			path = SearchFood;
			sourceTree = "<group>";
		};
		A8615CBA290AE9E800CE0C4E /* Food Details */ = {
			isa = PBXGroup;
			children = (
				A8615CBC290AE9FC00CE0C4E /* view */,
				A8615CBB290AE9F200CE0C4E /* Controller */,
			);
			path = "Food Details";
			sourceTree = "<group>";
		};
		A8615CBB290AE9F200CE0C4E /* Controller */ = {
			isa = PBXGroup;
			children = (
				A8982B07290D3FCD0098CAF3 /* FoodDetailsController.swift */,
			);
			path = Controller;
			sourceTree = "<group>";
		};
		A8615CBC290AE9FC00CE0C4E /* view */ = {
			isa = PBXGroup;
			children = (
				A8615CBD290AEA1400CE0C4E /* FoodDetailsVC.swift */,
				A8BFFC95290FBD3A0089A13A /* CollectionViewCell.swift */,
				A847CE602910048500357C7D /* FoodDetailsVC+Collection.swift */,
			);
			path = view;
			sourceTree = "<group>";
		};
		A86E5C07290D75C90085C02E /* UI */ = {
			isa = PBXGroup;
			children = (
				A843CE78290D82FA003964E7 /* CollSlide.swift */,
				A843CE7A290D8319003964E7 /* CollSlide.xib */,
			);
			path = UI;
			sourceTree = "<group>";
		};
		A8FB0E83290E5F8B00ABC3A9 /* Login */ = {
			isa = PBXGroup;
			children = (
				A8FB0E85290E5FA200ABC3A9 /* View */,
				A8FB0E84290E5F9400ABC3A9 /* Controller */,
			);
			path = Login;
			sourceTree = "<group>";
		};
		A8FB0E84290E5F9400ABC3A9 /* Controller */ = {
			isa = PBXGroup;
			children = (
				A8FB0E86290E5FB300ABC3A9 /* LoginController.swift */,
			);
			path = Controller;
			sourceTree = "<group>";
		};
		A8FB0E85290E5FA200ABC3A9 /* View */ = {
			isa = PBXGroup;
			children = (
				A8FB0E88290E5FCF00ABC3A9 /* LoginVC.swift */,
			);
			path = View;
			sourceTree = "<group>";
		};
		A8FB0E8C290E610300ABC3A9 /* Networking */ = {
			isa = PBXGroup;
			children = (
				A8FB0E8D290E612D00ABC3A9 /* DefaultResponse.swift */,
			);
			path = Networking;
			sourceTree = "<group>";
		};
/* End PBXGroup section */

/* Begin PBXNativeTarget section */
		A828EFF4290A92CE00BBBBE2 /* ResturantApp */ = {
			isa = PBXNativeTarget;
			buildConfigurationList = A828F009290A92CF00BBBBE2 /* Build configuration list for PBXNativeTarget "ResturantApp" */;
			buildPhases = (
				7C782F3D2989F234CCAFBEFC /* [CP] Check Pods Manifest.lock */,
				A828EFF1290A92CE00BBBBE2 /* Sources */,
				A828EFF2290A92CE00BBBBE2 /* Frameworks */,
				A828EFF3290A92CE00BBBBE2 /* Resources */,
				A0CE174A0166551E2ADA1D39 /* [CP] Embed Pods Frameworks */,
				D279D3B5C45A8B322B5E5551 /* [CP] Copy Pods Resources */,
			);
			buildRules = (
			);
			dependencies = (
			);
			name = ResturantApp;
			packageProductDependencies = (
				A8BFFC91290FB5E60089A13A /* GoogleSignIn */,
				A8BFFC93290FB5E60089A13A /* GoogleSignInSwift */,
			);
			productName = ResturantApp;
			productReference = A828EFF5290A92CE00BBBBE2 /* ResturantApp.app */;
			productType = "com.apple.product-type.application";
		};
/* End PBXNativeTarget section */

/* Begin PBXProject section */
		A828EFED290A92CE00BBBBE2 /* Project object */ = {
			isa = PBXProject;
			attributes = {
				BuildIndependentTargetsInParallel = 1;
				LastSwiftUpdateCheck = 1400;
				LastUpgradeCheck = 1400;
				TargetAttributes = {
					A828EFF4290A92CE00BBBBE2 = {
						CreatedOnToolsVersion = 14.0.1;
					};
				};
			};
			buildConfigurationList = A828EFF0290A92CE00BBBBE2 /* Build configuration list for PBXProject "ResturantApp" */;
			compatibilityVersion = "Xcode 13.0";
			developmentRegion = en;
			hasScannedForEncodings = 0;
			knownRegions = (
				en,
				Base,
			);
			mainGroup = A828EFEC290A92CE00BBBBE2;
			packageReferences = (
				A8BFFC90290FB5E60089A13A /* XCRemoteSwiftPackageReference "GoogleSignIn-iOS" */,
			);
			productRefGroup = A828EFF6290A92CE00BBBBE2 /* Products */;
			projectDirPath = "";
			projectRoot = "";
			targets = (
				A828EFF4290A92CE00BBBBE2 /* ResturantApp */,
			);
		};
/* End PBXProject section */

/* Begin PBXResourcesBuildPhase section */
		A828EFF3290A92CE00BBBBE2 /* Resources */ = {
			isa = PBXResourcesBuildPhase;
			buildActionMask = 2147483647;
			files = (
				A828F01D290A940600BBBBE2 /* Auth.storyboard in Resources */,
				A843CE7B290D8319003964E7 /* CollSlide.xib in Resources */,
				A828F028290A9EC700BBBBE2 /* Home.storyboard in Resources */,
				A87AC422290F403700C0C038 /* GoogleService-Info.plist in Resources */,
				A828F005290A92CF00BBBBE2 /* LaunchScreen.storyboard in Resources */,
				A828F002290A92CF00BBBBE2 /* Assets.xcassets in Resources */,
				A828F000290A92CE00BBBBE2 /* Main.storyboard in Resources */,
			);
			runOnlyForDeploymentPostprocessing = 0;
		};
/* End PBXResourcesBuildPhase section */

/* Begin PBXShellScriptBuildPhase section */
		7C782F3D2989F234CCAFBEFC /* [CP] Check Pods Manifest.lock */ = {
			isa = PBXShellScriptBuildPhase;
			buildActionMask = 2147483647;
			files = (
			);
			inputFileListPaths = (
			);
			inputPaths = (
				"${PODS_PODFILE_DIR_PATH}/Podfile.lock",
				"${PODS_ROOT}/Manifest.lock",
			);
			name = "[CP] Check Pods Manifest.lock";
			outputFileListPaths = (
			);
			outputPaths = (
				"$(DERIVED_FILE_DIR)/Pods-ResturantApp-checkManifestLockResult.txt",
			);
			runOnlyForDeploymentPostprocessing = 0;
			shellPath = /bin/sh;
			shellScript = "diff \"${PODS_PODFILE_DIR_PATH}/Podfile.lock\" \"${PODS_ROOT}/Manifest.lock\" > /dev/null\nif [ $? != 0 ] ; then\n    # print error to STDERR\n    echo \"error: The sandbox is not in sync with the Podfile.lock. Run 'pod install' or update your CocoaPods installation.\" >&2\n    exit 1\nfi\n# This output is used by Xcode 'outputs' to avoid re-running this script phase.\necho \"SUCCESS\" > \"${SCRIPT_OUTPUT_FILE_0}\"\n";
			showEnvVarsInLog = 0;
		};
		A0CE174A0166551E2ADA1D39 /* [CP] Embed Pods Frameworks */ = {
			isa = PBXShellScriptBuildPhase;
			buildActionMask = 2147483647;
			files = (
			);
			inputFileListPaths = (
				"${PODS_ROOT}/Target Support Files/Pods-ResturantApp/Pods-ResturantApp-frameworks-${CONFIGURATION}-input-files.xcfilelist",
			);
			name = "[CP] Embed Pods Frameworks";
			outputFileListPaths = (
				"${PODS_ROOT}/Target Support Files/Pods-ResturantApp/Pods-ResturantApp-frameworks-${CONFIGURATION}-output-files.xcfilelist",
			);
			runOnlyForDeploymentPostprocessing = 0;
			shellPath = /bin/sh;
			shellScript = "\"${PODS_ROOT}/Target Support Files/Pods-ResturantApp/Pods-ResturantApp-frameworks.sh\"\n";
			showEnvVarsInLog = 0;
		};
		D279D3B5C45A8B322B5E5551 /* [CP] Copy Pods Resources */ = {
			isa = PBXShellScriptBuildPhase;
			buildActionMask = 2147483647;
			files = (
			);
			inputFileListPaths = (
				"${PODS_ROOT}/Target Support Files/Pods-ResturantApp/Pods-ResturantApp-resources-${CONFIGURATION}-input-files.xcfilelist",
			);
			name = "[CP] Copy Pods Resources";
			outputFileListPaths = (
				"${PODS_ROOT}/Target Support Files/Pods-ResturantApp/Pods-ResturantApp-resources-${CONFIGURATION}-output-files.xcfilelist",
			);
			runOnlyForDeploymentPostprocessing = 0;
			shellPath = /bin/sh;
			shellScript = "\"${PODS_ROOT}/Target Support Files/Pods-ResturantApp/Pods-ResturantApp-resources.sh\"\n";
			showEnvVarsInLog = 0;
		};
/* End PBXShellScriptBuildPhase section */

/* Begin PBXSourcesBuildPhase section */
		A828EFF1290A92CE00BBBBE2 /* Sources */ = {
			isa = PBXSourcesBuildPhase;
			buildActionMask = 2147483647;
			files = (
				A8982B08290D3FCD0098CAF3 /* FoodDetailsController.swift in Sources */,
				A8982B04290D2C630098CAF3 /* ValidationManager.swift in Sources */,
				A847E440290D119800730397 /* HomeTotalCollViewCell.swift in Sources */,
				A88647FB290D7D5700531634 /* TapGesure.swift in Sources */,
				A828F019290A939C00BBBBE2 /* RegisterController.swift in Sources */,
				A8AED7BF290AD47400BF4E56 /* UIVC+ShowAlert.swift in Sources */,
				A8FB0E90290E629C00ABC3A9 /* UserDefaultsManager.swift in Sources */,
				A828F024290A9E9D00BBBBE2 /* HomeVC.swift in Sources */,
				A847E443290D154A00730397 /* CollectionLayout.swift in Sources */,
				A8272580291010CE00B37E57 /* HomeController.swift in Sources */,
				A855BDB5290E86C40005E985 /* HomeFilterVC.swift in Sources */,
				A8494E61290AD09100188C65 /* HomeCell.swift in Sources */,
				A828F01F290A973100BBBBE2 /* UIView+CornerRaduis.swift in Sources */,
				A8FB0E8E290E612D00ABC3A9 /* DefaultResponse.swift in Sources */,
				A828F012290A932200BBBBE2 /* Config.swift in Sources */,
				A8494E5F290ACF4900188C65 /* ProductModel.swift in Sources */,
				A8FB0E87290E5FB300ABC3A9 /* LoginController.swift in Sources */,
				A847CE612910048500357C7D /* FoodDetailsVC+Collection.swift in Sources */,
				A8CD8CD1290D56990042CD31 /* UIImageView+RoundImage.swift in Sources */,
				A828F032290AA48800BBBBE2 /* OnBoardingSlideModel.swift in Sources */,
				A8FB0E89290E5FCF00ABC3A9 /* LoginVC.swift in Sources */,
				A828F01B290A93BF00BBBBE2 /* RegisterVC.swift in Sources */,
				A828EFF9290A92CE00BBBBE2 /* AppDelegate.swift in Sources */,
				A8494E5D290ACF0C00188C65 /* HomeVC+CollView.swift in Sources */,
				A828EFFB290A92CE00BBBBE2 /* SceneDelegate.swift in Sources */,
				A828F02F290AA06200BBBBE2 /* OnBoardingController.swift in Sources */,
				A828F03A290AAC2D00BBBBE2 /* OnBoardingVC+CollView.swift in Sources */,
				A80FA4B2290FDD6000A67102 /* ViewController.swift in Sources */,
				A8615CBE290AEA1400CE0C4E /* FoodDetailsVC.swift in Sources */,
				A828F034290AA66E00BBBBE2 /* OnBaordingSlideCell.swift in Sources */,
				A843CE79290D82FA003964E7 /* CollSlide.swift in Sources */,
				A8982B06290D2F780098CAF3 /* RegisterVC+Validation.swift in Sources */,
				A8FB0E8B290E60B600ABC3A9 /* UserModel.swift in Sources */,
				A828F02C290AA02200BBBBE2 /* OnBoardingVC.swift in Sources */,
				A8BFFC96290FBD3A0089A13A /* CollectionViewCell.swift in Sources */,
			);
			runOnlyForDeploymentPostprocessing = 0;
		};
/* End PBXSourcesBuildPhase section */

/* Begin PBXVariantGroup section */
		A828EFFE290A92CE00BBBBE2 /* Main.storyboard */ = {
			isa = PBXVariantGroup;
			children = (
				A828EFFF290A92CE00BBBBE2 /* Base */,
			);
			name = Main.storyboard;
			sourceTree = "<group>";
		};
		A828F003290A92CF00BBBBE2 /* LaunchScreen.storyboard */ = {
			isa = PBXVariantGroup;
			children = (
				A828F004290A92CF00BBBBE2 /* Base */,
			);
			name = LaunchScreen.storyboard;
			sourceTree = "<group>";
		};
/* End PBXVariantGroup section */

/* Begin XCBuildConfiguration section */
		A828F007290A92CF00BBBBE2 /* Debug */ = {
			isa = XCBuildConfiguration;
			buildSettings = {
				ALWAYS_SEARCH_USER_PATHS = NO;
				CLANG_ANALYZER_NONNULL = YES;
				CLANG_ANALYZER_NUMBER_OBJECT_CONVERSION = YES_AGGRESSIVE;
				CLANG_CXX_LANGUAGE_STANDARD = "gnu++20";
				CLANG_ENABLE_MODULES = YES;
				CLANG_ENABLE_OBJC_ARC = YES;
				CLANG_ENABLE_OBJC_WEAK = YES;
				CLANG_WARN_BLOCK_CAPTURE_AUTORELEASING = YES;
				CLANG_WARN_BOOL_CONVERSION = YES;
				CLANG_WARN_COMMA = YES;
				CLANG_WARN_CONSTANT_CONVERSION = YES;
				CLANG_WARN_DEPRECATED_OBJC_IMPLEMENTATIONS = YES;
				CLANG_WARN_DIRECT_OBJC_ISA_USAGE = YES_ERROR;
				CLANG_WARN_DOCUMENTATION_COMMENTS = YES;
				CLANG_WARN_EMPTY_BODY = YES;
				CLANG_WARN_ENUM_CONVERSION = YES;
				CLANG_WARN_INFINITE_RECURSION = YES;
				CLANG_WARN_INT_CONVERSION = YES;
				CLANG_WARN_NON_LITERAL_NULL_CONVERSION = YES;
				CLANG_WARN_OBJC_IMPLICIT_RETAIN_SELF = YES;
				CLANG_WARN_OBJC_LITERAL_CONVERSION = YES;
				CLANG_WARN_OBJC_ROOT_CLASS = YES_ERROR;
				CLANG_WARN_QUOTED_INCLUDE_IN_FRAMEWORK_HEADER = YES;
				CLANG_WARN_RANGE_LOOP_ANALYSIS = YES;
				CLANG_WARN_STRICT_PROTOTYPES = YES;
				CLANG_WARN_SUSPICIOUS_MOVE = YES;
				CLANG_WARN_UNGUARDED_AVAILABILITY = YES_AGGRESSIVE;
				CLANG_WARN_UNREACHABLE_CODE = YES;
				CLANG_WARN__DUPLICATE_METHOD_MATCH = YES;
				COPY_PHASE_STRIP = NO;
				DEBUG_INFORMATION_FORMAT = dwarf;
				ENABLE_STRICT_OBJC_MSGSEND = YES;
				ENABLE_TESTABILITY = YES;
				GCC_C_LANGUAGE_STANDARD = gnu11;
				GCC_DYNAMIC_NO_PIC = NO;
				GCC_NO_COMMON_BLOCKS = YES;
				GCC_OPTIMIZATION_LEVEL = 0;
				GCC_PREPROCESSOR_DEFINITIONS = (
					"DEBUG=1",
					"$(inherited)",
				);
				GCC_WARN_64_TO_32_BIT_CONVERSION = YES;
				GCC_WARN_ABOUT_RETURN_TYPE = YES_ERROR;
				GCC_WARN_UNDECLARED_SELECTOR = YES;
				GCC_WARN_UNINITIALIZED_AUTOS = YES_AGGRESSIVE;
				GCC_WARN_UNUSED_FUNCTION = YES;
				GCC_WARN_UNUSED_VARIABLE = YES;
				IPHONEOS_DEPLOYMENT_TARGET = 16.0;
				MTL_ENABLE_DEBUG_INFO = INCLUDE_SOURCE;
				MTL_FAST_MATH = YES;
				ONLY_ACTIVE_ARCH = YES;
				SDKROOT = iphoneos;
				SWIFT_ACTIVE_COMPILATION_CONDITIONS = DEBUG;
				SWIFT_OPTIMIZATION_LEVEL = "-Onone";
			};
			name = Debug;
		};
		A828F008290A92CF00BBBBE2 /* Release */ = {
			isa = XCBuildConfiguration;
			buildSettings = {
				ALWAYS_SEARCH_USER_PATHS = NO;
				CLANG_ANALYZER_NONNULL = YES;
				CLANG_ANALYZER_NUMBER_OBJECT_CONVERSION = YES_AGGRESSIVE;
				CLANG_CXX_LANGUAGE_STANDARD = "gnu++20";
				CLANG_ENABLE_MODULES = YES;
				CLANG_ENABLE_OBJC_ARC = YES;
				CLANG_ENABLE_OBJC_WEAK = YES;
				CLANG_WARN_BLOCK_CAPTURE_AUTORELEASING = YES;
				CLANG_WARN_BOOL_CONVERSION = YES;
				CLANG_WARN_COMMA = YES;
				CLANG_WARN_CONSTANT_CONVERSION = YES;
				CLANG_WARN_DEPRECATED_OBJC_IMPLEMENTATIONS = YES;
				CLANG_WARN_DIRECT_OBJC_ISA_USAGE = YES_ERROR;
				CLANG_WARN_DOCUMENTATION_COMMENTS = YES;
				CLANG_WARN_EMPTY_BODY = YES;
				CLANG_WARN_ENUM_CONVERSION = YES;
				CLANG_WARN_INFINITE_RECURSION = YES;
				CLANG_WARN_INT_CONVERSION = YES;
				CLANG_WARN_NON_LITERAL_NULL_CONVERSION = YES;
				CLANG_WARN_OBJC_IMPLICIT_RETAIN_SELF = YES;
				CLANG_WARN_OBJC_LITERAL_CONVERSION = YES;
				CLANG_WARN_OBJC_ROOT_CLASS = YES_ERROR;
				CLANG_WARN_QUOTED_INCLUDE_IN_FRAMEWORK_HEADER = YES;
				CLANG_WARN_RANGE_LOOP_ANALYSIS = YES;
				CLANG_WARN_STRICT_PROTOTYPES = YES;
				CLANG_WARN_SUSPICIOUS_MOVE = YES;
				CLANG_WARN_UNGUARDED_AVAILABILITY = YES_AGGRESSIVE;
				CLANG_WARN_UNREACHABLE_CODE = YES;
				CLANG_WARN__DUPLICATE_METHOD_MATCH = YES;
				COPY_PHASE_STRIP = NO;
				DEBUG_INFORMATION_FORMAT = "dwarf-with-dsym";
				ENABLE_NS_ASSERTIONS = NO;
				ENABLE_STRICT_OBJC_MSGSEND = YES;
				GCC_C_LANGUAGE_STANDARD = gnu11;
				GCC_NO_COMMON_BLOCKS = YES;
				GCC_WARN_64_TO_32_BIT_CONVERSION = YES;
				GCC_WARN_ABOUT_RETURN_TYPE = YES_ERROR;
				GCC_WARN_UNDECLARED_SELECTOR = YES;
				GCC_WARN_UNINITIALIZED_AUTOS = YES_AGGRESSIVE;
				GCC_WARN_UNUSED_FUNCTION = YES;
				GCC_WARN_UNUSED_VARIABLE = YES;
				IPHONEOS_DEPLOYMENT_TARGET = 16.0;
				MTL_ENABLE_DEBUG_INFO = NO;
				MTL_FAST_MATH = YES;
				SDKROOT = iphoneos;
				SWIFT_COMPILATION_MODE = wholemodule;
				SWIFT_OPTIMIZATION_LEVEL = "-O";
				VALIDATE_PRODUCT = YES;
			};
			name = Release;
		};
		A828F00A290A92CF00BBBBE2 /* Debug */ = {
			isa = XCBuildConfiguration;
			baseConfigurationReference = 0530B72F33EC5EA7906326F2 /* Pods-ResturantApp.debug.xcconfig */;
			buildSettings = {
				ASSETCATALOG_COMPILER_APPICON_NAME = AppIcon;
				ASSETCATALOG_COMPILER_GLOBAL_ACCENT_COLOR_NAME = AccentColor;
				CODE_SIGN_STYLE = Automatic;
				CURRENT_PROJECT_VERSION = 1;
				DEVELOPMENT_TEAM = 92UAYACNLJ;
				GENERATE_INFOPLIST_FILE = YES;
				INFOPLIST_FILE = ResturantApp/Info.plist;
				INFOPLIST_KEY_UIApplicationSupportsIndirectInputEvents = YES;
				INFOPLIST_KEY_UILaunchStoryboardName = LaunchScreen;
				INFOPLIST_KEY_UIMainStoryboardFile = Main;
				INFOPLIST_KEY_UISupportedInterfaceOrientations_iPad = "UIInterfaceOrientationPortrait UIInterfaceOrientationPortraitUpsideDown UIInterfaceOrientationLandscapeLeft UIInterfaceOrientationLandscapeRight";
				INFOPLIST_KEY_UISupportedInterfaceOrientations_iPhone = "UIInterfaceOrientationPortrait UIInterfaceOrientationLandscapeLeft UIInterfaceOrientationLandscapeRight";
				IPHONEOS_DEPLOYMENT_TARGET = 15.0;
				LD_RUNPATH_SEARCH_PATHS = (
					"$(inherited)",
					"@executable_path/Frameworks",
				);
				MARKETING_VERSION = 1.0;
				PRODUCT_BUNDLE_IDENTIFIER = eslam.ResturantApp;
				PRODUCT_NAME = "$(TARGET_NAME)";
				SWIFT_EMIT_LOC_STRINGS = YES;
				SWIFT_VERSION = 5.0;
				TARGETED_DEVICE_FAMILY = "1,2";
			};
			name = Debug;
		};
		A828F00B290A92CF00BBBBE2 /* Release */ = {
			isa = XCBuildConfiguration;
			baseConfigurationReference = 58B60EF142901AD528887526 /* Pods-ResturantApp.release.xcconfig */;
			buildSettings = {
				ASSETCATALOG_COMPILER_APPICON_NAME = AppIcon;
				ASSETCATALOG_COMPILER_GLOBAL_ACCENT_COLOR_NAME = AccentColor;
				CODE_SIGN_STYLE = Automatic;
				CURRENT_PROJECT_VERSION = 1;
				DEVELOPMENT_TEAM = 92UAYACNLJ;
				GENERATE_INFOPLIST_FILE = YES;
				INFOPLIST_FILE = ResturantApp/Info.plist;
				INFOPLIST_KEY_UIApplicationSupportsIndirectInputEvents = YES;
				INFOPLIST_KEY_UILaunchStoryboardName = LaunchScreen;
				INFOPLIST_KEY_UIMainStoryboardFile = Main;
				INFOPLIST_KEY_UISupportedInterfaceOrientations_iPad = "UIInterfaceOrientationPortrait UIInterfaceOrientationPortraitUpsideDown UIInterfaceOrientationLandscapeLeft UIInterfaceOrientationLandscapeRight";
				INFOPLIST_KEY_UISupportedInterfaceOrientations_iPhone = "UIInterfaceOrientationPortrait UIInterfaceOrientationLandscapeLeft UIInterfaceOrientationLandscapeRight";
				IPHONEOS_DEPLOYMENT_TARGET = 15.0;
				LD_RUNPATH_SEARCH_PATHS = (
					"$(inherited)",
					"@executable_path/Frameworks",
				);
				MARKETING_VERSION = 1.0;
				PRODUCT_BUNDLE_IDENTIFIER = eslam.ResturantApp;
				PRODUCT_NAME = "$(TARGET_NAME)";
				SWIFT_EMIT_LOC_STRINGS = YES;
				SWIFT_VERSION = 5.0;
				TARGETED_DEVICE_FAMILY = "1,2";
			};
			name = Release;
		};
/* End XCBuildConfiguration section */

/* Begin XCConfigurationList section */
		A828EFF0290A92CE00BBBBE2 /* Build configuration list for PBXProject "ResturantApp" */ = {
			isa = XCConfigurationList;
			buildConfigurations = (
				A828F007290A92CF00BBBBE2 /* Debug */,
				A828F008290A92CF00BBBBE2 /* Release */,
			);
			defaultConfigurationIsVisible = 0;
			defaultConfigurationName = Release;
		};
		A828F009290A92CF00BBBBE2 /* Build configuration list for PBXNativeTarget "ResturantApp" */ = {
			isa = XCConfigurationList;
			buildConfigurations = (
				A828F00A290A92CF00BBBBE2 /* Debug */,
				A828F00B290A92CF00BBBBE2 /* Release */,
			);
			defaultConfigurationIsVisible = 0;
			defaultConfigurationName = Release;
		};
/* End XCConfigurationList section */

/* Begin XCRemoteSwiftPackageReference section */
		A8BFFC90290FB5E60089A13A /* XCRemoteSwiftPackageReference "GoogleSignIn-iOS" */ = {
			isa = XCRemoteSwiftPackageReference;
			repositoryURL = "https://github.com/google/GoogleSignIn-iOS.git";
			requirement = {
				kind = upToNextMajorVersion;
				minimumVersion = 6.0.0;
			};
		};
/* End XCRemoteSwiftPackageReference section */

/* Begin XCSwiftPackageProductDependency section */
		A8BFFC91290FB5E60089A13A /* GoogleSignIn */ = {
			isa = XCSwiftPackageProductDependency;
			package = A8BFFC90290FB5E60089A13A /* XCRemoteSwiftPackageReference "GoogleSignIn-iOS" */;
			productName = GoogleSignIn;
		};
		A8BFFC93290FB5E60089A13A /* GoogleSignInSwift */ = {
			isa = XCSwiftPackageProductDependency;
			package = A8BFFC90290FB5E60089A13A /* XCRemoteSwiftPackageReference "GoogleSignIn-iOS" */;
			productName = GoogleSignInSwift;
		};
/* End XCSwiftPackageProductDependency section */
	};
	rootObject = A828EFED290A92CE00BBBBE2 /* Project object */;
}
